
Microsoft Visual Studio Solution File, Format Version 12.00
# Visual Studio Version 17
VisualStudioVersion = 17.11.34929.205
MinimumVisualStudioVersion = 10.0.40219.1
Project("{FAE04EC0-301F-11D3-BF4B-00C04F79EFBC}") = "Social Media Links app", "Social Media Links app\Social Media Links app.csproj", "{40C8AD1A-C341-4B87-9380-AC97CF28E2D4}"
EndProject
Global
	GlobalSection(SolutionConfigurationPlatforms) = preSolution
		Debug|Any CPU = Debug|Any CPU
		Release|Any CPU = Release|Any CPU
	EndGlobalSection
	GlobalSection(ProjectConfigurationPlatforms) = postSolution
		{40C8AD1A-C341-4B87-9380-AC97CF28E2D4}.Debug|Any CPU.ActiveCfg = Debug|Any CPU
		{40C8AD1A-C341-4B87-9380-AC97CF28E2D4}.Debug|Any CPU.Build.0 = Debug|Any CPU
		{40C8AD1A-C341-4B87-9380-AC97CF28E2D4}.Release|Any CPU.ActiveCfg = Release|Any CPU
		{40C8AD1A-C341-4B87-9380-AC97CF28E2D4}.Release|Any CPU.Build.0 = Release|Any CPU
	EndGlobalSection
	GlobalSection(SolutionProperties) = preSolution
		HideSolutionNode = FALSE
	EndGlobalSection
	GlobalSection(ExtensibilityGlobals) = postSolution
		SolutionGuid = {6CC703A8-FA4F-4012-9CC2-9D58EBFA0E6D}
	EndGlobalSection
EndGlobal
